// !$*UTF8*$!
{
	archiveVersion = 1;
	classes = {
	};
	objectVersion = 50;
	objects = {

/* Begin PBXBuildFile section */
		AC48D948248855C7005D3EA0 /* AppDelegate.swift in Sources */ = {isa = PBXBuildFile; fileRef = AC48D947248855C7005D3EA0 /* AppDelegate.swift */; };
		AC48D94A248855C7005D3EA0 /* SceneDelegate.swift in Sources */ = {isa = PBXBuildFile; fileRef = AC48D949248855C7005D3EA0 /* SceneDelegate.swift */; };
		AC48D94C248855C7005D3EA0 /* ViewController.swift in Sources */ = {isa = PBXBuildFile; fileRef = AC48D94B248855C7005D3EA0 /* ViewController.swift */; };
		AC48D94F248855C7005D3EA0 /* Main.storyboard in Resources */ = {isa = PBXBuildFile; fileRef = AC48D94D248855C7005D3EA0 /* Main.storyboard */; };
		AC48D951248855C8005D3EA0 /* Assets.xcassets in Resources */ = {isa = PBXBuildFile; fileRef = AC48D950248855C8005D3EA0 /* Assets.xcassets */; };
		AC48D954248855C8005D3EA0 /* LaunchScreen.storyboard in Resources */ = {isa = PBXBuildFile; fileRef = AC48D952248855C8005D3EA0 /* LaunchScreen.storyboard */; };
		AC48D95F248859CD005D3EA0 /* CircleButton.swift in Sources */ = {isa = PBXBuildFile; fileRef = AC48D95E248859CD005D3EA0 /* CircleButton.swift */; };
/* End PBXBuildFile section */

/* Begin PBXFileReference section */
		AC48D944248855C7005D3EA0 /* scribe.app */ = {isa = PBXFileReference; explicitFileType = wrapper.application; includeInIndex = 0; path = scribe.app; sourceTree = BUILT_PRODUCTS_DIR; };
		AC48D947248855C7005D3EA0 /* AppDelegate.swift */ = {isa = PBXFileReference; lastKnownFileType = sourcecode.swift; path = AppDelegate.swift; sourceTree = "<group>"; };
		AC48D949248855C7005D3EA0 /* SceneDelegate.swift */ = {isa = PBXFileReference; lastKnownFileType = sourcecode.swift; path = SceneDelegate.swift; sourceTree = "<group>"; };
		AC48D94B248855C7005D3EA0 /* ViewController.swift */ = {isa = PBXFileReference; lastKnownFileType = sourcecode.swift; path = ViewController.swift; sourceTree = "<group>"; };
		AC48D94E248855C7005D3EA0 /* Base */ = {isa = PBXFileReference; lastKnownFileType = file.storyboard; name = Base; path = Base.lproj/Main.storyboard; sourceTree = "<group>"; };
		AC48D950248855C8005D3EA0 /* Assets.xcassets */ = {isa = PBXFileReference; lastKnownFileType = folder.assetcatalog; path = Assets.xcassets; sourceTree = "<group>"; };
		AC48D953248855C8005D3EA0 /* Base */ = {isa = PBXFileReference; lastKnownFileType = file.storyboard; name = Base; path = Base.lproj/LaunchScreen.storyboard; sourceTree = "<group>"; };
		AC48D955248855C8005D3EA0 /* Info.plist */ = {isa = PBXFileReference; lastKnownFileType = text.plist.xml; path = Info.plist; sourceTree = "<group>"; };
		AC48D95E248859CD005D3EA0 /* CircleButton.swift */ = {isa = PBXFileReference; lastKnownFileType = sourcecode.swift; path = CircleButton.swift; sourceTree = "<group>"; };
/* End PBXFileReference section */

/* Begin PBXFrameworksBuildPhase section */
		AC48D941248855C7005D3EA0 /* Frameworks */ = {
			isa = PBXFrameworksBuildPhase;
			buildActionMask = 2147483647;
			files = (
			);
			runOnlyForDeploymentPostprocessing = 0;
		};
/* End PBXFrameworksBuildPhase section */

/* Begin PBXGroup section */
		AC48D93B248855C7005D3EA0 = {
			isa = PBXGroup;
			children = (
				AC48D946248855C7005D3EA0 /* scribe */,
				AC48D945248855C7005D3EA0 /* Products */,
			);
			sourceTree = "<group>";
		};
		AC48D945248855C7005D3EA0 /* Products */ = {
			isa = PBXGroup;
			children = (
				AC48D944248855C7005D3EA0 /* scribe.app */,
			);
			name = Products;
			sourceTree = "<group>";
		};
		AC48D946248855C7005D3EA0 /* scribe */ = {
			isa = PBXGroup;
			children = (
				AC48D95D248859A8005D3EA0 /* Controller */,
				AC48D95C248859A2005D3EA0 /* View */,
				AC48D95B2488599A005D3EA0 /* Model */,
				AC48D947248855C7005D3EA0 /* AppDelegate.swift */,
				AC48D949248855C7005D3EA0 /* SceneDelegate.swift */,
				AC48D94D248855C7005D3EA0 /* Main.storyboard */,
				AC48D950248855C8005D3EA0 /* Assets.xcassets */,
				AC48D952248855C8005D3EA0 /* LaunchScreen.storyboard */,
				AC48D955248855C8005D3EA0 /* Info.plist */,
			);
			path = scribe;
			sourceTree = "<group>";
		};
		AC48D95B2488599A005D3EA0 /* Model */ = {
			isa = PBXGroup;
			children = (
			);
			path = Model;
			sourceTree = "<group>";
		};
		AC48D95C248859A2005D3EA0 /* View */ = {
			isa = PBXGroup;
			children = (
				AC48D95E248859CD005D3EA0 /* CircleButton.swift */,
			);
			path = View;
			sourceTree = "<group>";
		};
		AC48D95D248859A8005D3EA0 /* Controller */ = {
			isa = PBXGroup;
			children = (
				AC48D94B248855C7005D3EA0 /* ViewController.swift */,
			);
			path = Controller;
			sourceTree = "<group>";
		};
/* End PBXGroup section */

/* Begin PBXNativeTarget section */
		AC48D943248855C7005D3EA0 /* scribe */ = {
			isa = PBXNativeTarget;
			buildConfigurationList = AC48D958248855C8005D3EA0 /* Build configuration list for PBXNativeTarget "scribe" */;
			buildPhases = (
				AC48D940248855C7005D3EA0 /* Sources */,
				AC48D941248855C7005D3EA0 /* Frameworks */,
				AC48D942248855C7005D3EA0 /* Resources */,
			);
			buildRules = (
			);
			dependencies = (
			);
			name = scribe;
			productName = scribe;
			productReference = AC48D944248855C7005D3EA0 /* scribe.app */;
			productType = "com.apple.product-type.application";
		};
/* End PBXNativeTarget section */

/* Begin PBXProject section */
		AC48D93C248855C7005D3EA0 /* Project object */ = {
			isa = PBXProject;
			attributes = {
				LastSwiftUpdateCheck = 1150;
				LastUpgradeCheck = 1150;
				ORGANIZATIONNAME = "Viktor Yamchinov";
				TargetAttributes = {
					AC48D943248855C7005D3EA0 = {
						CreatedOnToolsVersion = 11.5;
					};
				};
			};
			buildConfigurationList = AC48D93F248855C7005D3EA0 /* Build configuration list for PBXProject "scribe" */;
			compatibilityVersion = "Xcode 9.3";
			developmentRegion = en;
			hasScannedForEncodings = 0;
			knownRegions = (
				en,
				Base,
			);
			mainGroup = AC48D93B248855C7005D3EA0;
			productRefGroup = AC48D945248855C7005D3EA0 /* Products */;
			projectDirPath = "";
			projectRoot = "";
			targets = (
				AC48D943248855C7005D3EA0 /* scribe */,
			);
		};
/* End PBXProject section */

/* Begin PBXResourcesBuildPhase section */
		AC48D942248855C7005D3EA0 /* Resources */ = {
			isa = PBXResourcesBuildPhase;
			buildActionMask = 2147483647;
			files = (
				AC48D954248855C8005D3EA0 /* LaunchScreen.storyboard in Resources */,
				AC48D951248855C8005D3EA0 /* Assets.xcassets in Resources */,
				AC48D94F248855C7005D3EA0 /* Main.storyboard in Resources */,
			);
			runOnlyForDeploymentPostprocessing = 0;
		};
/* End PBXResourcesBuildPhase section */

/* Begin PBXSourcesBuildPhase section */
		AC48D940248855C7005D3EA0 /* Sources */ = {
			isa = PBXSourcesBuildPhase;
			buildActionMask = 2147483647;
			files = (
				AC48D94C248855C7005D3EA0 /* ViewController.swift in Sources */,
				AC48D948248855C7005D3EA0 /* AppDelegate.swift in Sources */,
				AC48D94A248855C7005D3EA0 /* SceneDelegate.swift in Sources */,
				AC48D95F248859CD005D3EA0 /* CircleButton.swift in Sources */,
			);
			runOnlyForDeploymentPostprocessing = 0;
		};
/* End PBXSourcesBuildPhase section */

/* Begin PBXVariantGroup section */
		AC48D94D248855C7005D3EA0 /* Main.storyboard */ = {
			isa = PBXVariantGroup;
			children = (
				AC48D94E248855C7005D3EA0 /* Base */,
			);
			name = Main.storyboard;
			sourceTree = "<group>";
		};
		AC48D952248855C8005D3EA0 /* LaunchScreen.storyboard */ = {
			isa = PBXVariantGroup;
			children = (
				AC48D953248855C8005D3EA0 /* Base */,
			);
			name = LaunchScreen.storyboard;
			sourceTree = "<group>";
		};
/* End PBXVariantGroup section */

/* Begin XCBuildConfiguration section */
		AC48D956248855C8005D3EA0 /* Debug */ = {
			isa = XCBuildConfiguration;
			buildSettings = {
				ALWAYS_SEARCH_USER_PATHS = NO;
				CLANG_ANALYZER_NONNULL = YES;
				CLANG_ANALYZER_NUMBER_OBJECT_CONVERSION = YES_AGGRESSIVE;
				CLANG_CXX_LANGUAGE_STANDARD = "gnu++14";
				CLANG_CXX_LIBRARY = "libc++";
				CLANG_ENABLE_MODULES = YES;
				CLANG_ENABLE_OBJC_ARC = YES;
				CLANG_ENABLE_OBJC_WEAK = YES;
				CLANG_WARN_BLOCK_CAPTURE_AUTORELEASING = YES;
				CLANG_WARN_BOOL_CONVERSION = YES;
				CLANG_WARN_COMMA = YES;
				CLANG_WARN_CONSTANT_CONVERSION = YES;
				CLANG_WARN_DEPRECATED_OBJC_IMPLEMENTATIONS = YES;
				CLANG_WARN_DIRECT_OBJC_ISA_USAGE = YES_ERROR;
				CLANG_WARN_DOCUMENTATION_COMMENTS = YES;
				CLANG_WARN_EMPTY_BODY = YES;
				CLANG_WARN_ENUM_CONVERSION = YES;
				CLANG_WARN_INFINITE_RECURSION = YES;
				CLANG_WARN_INT_CONVERSION = YES;
				CLANG_WARN_NON_LITERAL_NULL_CONVERSION = YES;
				CLANG_WARN_OBJC_IMPLICIT_RETAIN_SELF = YES;
				CLANG_WARN_OBJC_LITERAL_CONVERSION = YES;
				CLANG_WARN_OBJC_ROOT_CLASS = YES_ERROR;
				CLANG_WARN_RANGE_LOOP_ANALYSIS = YES;
				CLANG_WARN_STRICT_PROTOTYPES = YES;
				CLANG_WARN_SUSPICIOUS_MOVE = YES;
				CLANG_WARN_UNGUARDED_AVAILABILITY = YES_AGGRESSIVE;
				CLANG_WARN_UNREACHABLE_CODE = YES;
				CLANG_WARN__DUPLICATE_METHOD_MATCH = YES;
				COPY_PHASE_STRIP = NO;
				DEBUG_INFORMATION_FORMAT = dwarf;
				ENABLE_STRICT_OBJC_MSGSEND = YES;
				ENABLE_TESTABILITY = YES;
				GCC_C_LANGUAGE_STANDARD = gnu11;
				GCC_DYNAMIC_NO_PIC = NO;
				GCC_NO_COMMON_BLOCKS = YES;
				GCC_OPTIMIZATION_LEVEL = 0;
				GCC_PREPROCESSOR_DEFINITIONS = (
					"DEBUG=1",
					"$(inherited)",
				);
				GCC_WARN_64_TO_32_BIT_CONVERSION = YES;
				GCC_WARN_ABOUT_RETURN_TYPE = YES_ERROR;
				GCC_WARN_UNDECLARED_SELECTOR = YES;
				GCC_WARN_UNINITIALIZED_AUTOS = YES_AGGRESSIVE;
				GCC_WARN_UNUSED_FUNCTION = YES;
				GCC_WARN_UNUSED_VARIABLE = YES;
				IPHONEOS_DEPLOYMENT_TARGET = 13.5;
				MTL_ENABLE_DEBUG_INFO = INCLUDE_SOURCE;
				MTL_FAST_MATH = YES;
				ONLY_ACTIVE_ARCH = YES;
				SDKROOT = iphoneos;
				SWIFT_ACTIVE_COMPILATION_CONDITIONS = DEBUG;
				SWIFT_OPTIMIZATION_LEVEL = "-Onone";
			};
			name = Debug;
		};
		AC48D957248855C8005D3EA0 /* Release */ = {
			isa = XCBuildConfiguration;
			buildSettings = {
				ALWAYS_SEARCH_USER_PATHS = NO;
				CLANG_ANALYZER_NONNULL = YES;
				CLANG_ANALYZER_NUMBER_OBJECT_CONVERSION = YES_AGGRESSIVE;
				CLANG_CXX_LANGUAGE_STANDARD = "gnu++14";
				CLANG_CXX_LIBRARY = "libc++";
				CLANG_ENABLE_MODULES = YES;
				CLANG_ENABLE_OBJC_ARC = YES;
				CLANG_ENABLE_OBJC_WEAK = YES;
				CLANG_WARN_BLOCK_CAPTURE_AUTORELEASING = YES;
				CLANG_WARN_BOOL_CONVERSION = YES;
				CLANG_WARN_COMMA = YES;
				CLANG_WARN_CONSTANT_CONVERSION = YES;
				CLANG_WARN_DEPRECATED_OBJC_IMPLEMENTATIONS = YES;
				CLANG_WARN_DIRECT_OBJC_ISA_USAGE = YES_ERROR;
				CLANG_WARN_DOCUMENTATION_COMMENTS = YES;
				CLANG_WARN_EMPTY_BODY = YES;
				CLANG_WARN_ENUM_CONVERSION = YES;
				CLANG_WARN_INFINITE_RECURSION = YES;
				CLANG_WARN_INT_CONVERSION = YES;
				CLANG_WARN_NON_LITERAL_NULL_CONVERSION = YES;
				CLANG_WARN_OBJC_IMPLICIT_RETAIN_SELF = YES;
				CLANG_WARN_OBJC_LITERAL_CONVERSION = YES;
				CLANG_WARN_OBJC_ROOT_CLASS = YES_ERROR;
				CLANG_WARN_RANGE_LOOP_ANALYSIS = YES;
				CLANG_WARN_STRICT_PROTOTYPES = YES;
				CLANG_WARN_SUSPICIOUS_MOVE = YES;
				CLANG_WARN_UNGUARDED_AVAILABILITY = YES_AGGRESSIVE;
				CLANG_WARN_UNREACHABLE_CODE = YES;
				CLANG_WARN__DUPLICATE_METHOD_MATCH = YES;
				COPY_PHASE_STRIP = NO;
				DEBUG_INFORMATION_FORMAT = "dwarf-with-dsym";
				ENABLE_NS_ASSERTIONS = NO;
				ENABLE_STRICT_OBJC_MSGSEND = YES;
				GCC_C_LANGUAGE_STANDARD = gnu11;
				GCC_NO_COMMON_BLOCKS = YES;
				GCC_WARN_64_TO_32_BIT_CONVERSION = YES;
				GCC_WARN_ABOUT_RETURN_TYPE = YES_ERROR;
				GCC_WARN_UNDECLARED_SELECTOR = YES;
				GCC_WARN_UNINITIALIZED_AUTOS = YES_AGGRESSIVE;
				GCC_WARN_UNUSED_FUNCTION = YES;
				GCC_WARN_UNUSED_VARIABLE = YES;
				IPHONEOS_DEPLOYMENT_TARGET = 13.5;
				MTL_ENABLE_DEBUG_INFO = NO;
				MTL_FAST_MATH = YES;
				SDKROOT = iphoneos;
				SWIFT_COMPILATION_MODE = wholemodule;
				SWIFT_OPTIMIZATION_LEVEL = "-O";
				VALIDATE_PRODUCT = YES;
			};
			name = Release;
		};
		AC48D959248855C8005D3EA0 /* Debug */ = {
			isa = XCBuildConfiguration;
			buildSettings = {
				ASSETCATALOG_COMPILER_APPICON_NAME = AppIcon;
				CODE_SIGN_STYLE = Automatic;
				DEVELOPMENT_TEAM = 493PFTF9Q4;
				INFOPLIST_FILE = scribe/Info.plist;
				LD_RUNPATH_SEARCH_PATHS = (
					"$(inherited)",
					"@executable_path/Frameworks",
				);
				PRODUCT_BUNDLE_IDENTIFIER = com.techforline.scribe;
				PRODUCT_NAME = "$(TARGET_NAME)";
				SWIFT_VERSION = 5.0;
				TARGETED_DEVICE_FAMILY = "1,2";
			};
			name = Debug;
		};
		AC48D95A248855C8005D3EA0 /* Release */ = {
			isa = XCBuildConfiguration;
			buildSettings = {
				ASSETCATALOG_COMPILER_APPICON_NAME = AppIcon;
				CODE_SIGN_STYLE = Automatic;
				DEVELOPMENT_TEAM = 493PFTF9Q4;
				INFOPLIST_FILE = scribe/Info.plist;
				LD_RUNPATH_SEARCH_PATHS = (
					"$(inherited)",
					"@executable_path/Frameworks",
				);
				PRODUCT_BUNDLE_IDENTIFIER = com.techforline.scribe;
				PRODUCT_NAME = "$(TARGET_NAME)";
				SWIFT_VERSION = 5.0;
				TARGETED_DEVICE_FAMILY = "1,2";
			};
			name = Release;
		};
/* End XCBuildConfiguration section */

/* Begin XCConfigurationList section */
		AC48D93F248855C7005D3EA0 /* Build configuration list for PBXProject "scribe" */ = {
			isa = XCConfigurationList;
			buildConfigurations = (
				AC48D956248855C8005D3EA0 /* Debug */,
				AC48D957248855C8005D3EA0 /* Release */,
			);
			defaultConfigurationIsVisible = 0;
			defaultConfigurationName = Release;
		};
		AC48D958248855C8005D3EA0 /* Build configuration list for PBXNativeTarget "scribe" */ = {
			isa = XCConfigurationList;
			buildConfigurations = (
				AC48D959248855C8005D3EA0 /* Debug */,
				AC48D95A248855C8005D3EA0 /* Release */,
			);
			defaultConfigurationIsVisible = 0;
			defaultConfigurationName = Release;
		};
/* End XCConfigurationList section */
	};
	rootObject = AC48D93C248855C7005D3EA0 /* Project object */;
}
